<?xml version="1.0" encoding="utf-8"?>
<Project ToolsVersion="4.0" xmlns="http://schemas.microsoft.com/developer/msbuild/2003">
  <ItemGroup>
    <ClCompile Include="$(MSBuildThisFileDirectory)Actor.cpp">
      <Filter>Script</Filter>
    </ClCompile>
    <ClCompile Include="$(MSBuildThisFileDirectory)AmmoObject.cpp">
      <Filter>Script</Filter>
    </ClCompile>
    <ClCompile Include="$(MSBuildThisFileDirectory)AmmoObjectManager.cpp">
      <Filter>Script</Filter>
    </ClCompile>
    <ClCompile Include="$(MSBuildThisFileDirectory)AttackCollision.cpp">
      <Filter>Script</Filter>
    </ClCompile>
    <ClCompile Include="$(MSBuildThisFileDirectory)Background.cpp">
      <Filter>Script</Filter>
    </ClCompile>
    <ClCompile Include="$(MSBuildThisFileDirectory)Barrier.cpp">
      <Filter>Script</Filter>
    </ClCompile>
    <ClCompile Include="$(MSBuildThisFileDirectory)BillBoard.cpp">
      <Filter>Script</Filter>
    </ClCompile>
    <ClCompile Include="$(MSBuildThisFileDirectory)BillBoardGauge.cpp">
      <Filter>Script</Filter>
    </ClCompile>
    <ClCompile Include="$(MSBuildThisFileDirectory)Bullet.cpp">
      <Filter>Script</Filter>
    </ClCompile>
    <ClCompile Include="$(MSBuildThisFileDirectory)Character.cpp">
      <Filter>Script</Filter>
    </ClCompile>
    <ClCompile Include="$(MSBuildThisFileDirectory)CheckPoint.cpp">
      <Filter>Script</Filter>
    </ClCompile>
    <ClCompile Include="$(MSBuildThisFileDirectory)DashRing.cpp">
      <Filter>Script</Filter>
    </ClCompile>
    <ClCompile Include="$(MSBuildThisFileDirectory)DebagPlayer.cpp">
      <Filter>Script</Filter>
    </ClCompile>
    <ClCompile Include="$(MSBuildThisFileDirectory)DisableBarrier.cpp">
      <Filter>Script</Filter>
    </ClCompile>
    <ClCompile Include="$(MSBuildThisFileDirectory)EffectManager.cpp">
      <Filter>Script</Filter>
    </ClCompile>
    <ClCompile Include="$(MSBuildThisFileDirectory)EffectUpdateDrawManager.cpp">
      <Filter>Script</Filter>
    </ClCompile>
    <ClCompile Include="$(MSBuildThisFileDirectory)Enemy.cpp">
      <Filter>Script</Filter>
    </ClCompile>
    <ClCompile Include="$(MSBuildThisFileDirectory)FighterAircraftBase.cpp">
      <Filter>Script</Filter>
    </ClCompile>
    <ClCompile Include="$(MSBuildThisFileDirectory)ForecastLine.cpp">
      <Filter>Script</Filter>
    </ClCompile>
    <ClCompile Include="$(MSBuildThisFileDirectory)GameClearStage.cpp">
      <Filter>Script</Filter>
    </ClCompile>
    <ClCompile Include="$(MSBuildThisFileDirectory)GameManager.cpp">
      <Filter>Script</Filter>
    </ClCompile>
    <ClCompile Include="$(MSBuildThisFileDirectory)GameStage.cpp">
      <Filter>Script</Filter>
    </ClCompile>
    <ClCompile Include="$(MSBuildThisFileDirectory)HpSprite.cpp">
      <Filter>Script</Filter>
    </ClCompile>
    <ClCompile Include="$(MSBuildThisFileDirectory)InputManager.cpp">
      <Filter>Script</Filter>
    </ClCompile>
    <ClCompile Include="$(MSBuildThisFileDirectory)InvisibleCollision.cpp">
      <Filter>Script</Filter>
    </ClCompile>
    <ClCompile Include="$(MSBuildThisFileDirectory)ItemObject.cpp">
      <Filter>Script</Filter>
    </ClCompile>
    <ClCompile Include="$(MSBuildThisFileDirectory)MainCameraManager.cpp">
      <Filter>Script</Filter>
    </ClCompile>
    <ClCompile Include="$(MSBuildThisFileDirectory)MultiViewStage.cpp">
      <Filter>Script</Filter>
    </ClCompile>
    <ClCompile Include="$(MSBuildThisFileDirectory)MyGameObject.cpp">
      <Filter>Script</Filter>
    </ClCompile>
    <ClCompile Include="$(MSBuildThisFileDirectory)NumberSprite.cpp">
      <Filter>Script</Filter>
    </ClCompile>
    <ClCompile Include="$(MSBuildThisFileDirectory)ObstaclesDodge.cpp">
      <Filter>Script</Filter>
    </ClCompile>
    <ClCompile Include="$(MSBuildThisFileDirectory)PauseMenu.cpp">
      <Filter>Script</Filter>
    </ClCompile>
    <ClCompile Include="$(MSBuildThisFileDirectory)Plane.cpp">
      <Filter>Script</Filter>
    </ClCompile>
    <ClCompile Include="$(MSBuildThisFileDirectory)Player.cpp">
      <Filter>Script</Filter>
    </ClCompile>
    <ClCompile Include="$(MSBuildThisFileDirectory)ProjectBehavior.cpp">
      <Filter>Script</Filter>
    </ClCompile>
    <ClCompile Include="$(MSBuildThisFileDirectory)ProjectShader.cpp">
      <Filter>Script</Filter>
    </ClCompile>
    <ClCompile Include="$(MSBuildThisFileDirectory)RankingUI.cpp">
      <Filter>Script</Filter>
    </ClCompile>
    <ClCompile Include="$(MSBuildThisFileDirectory)RayCast.cpp">
      <Filter>Script</Filter>
    </ClCompile>
    <ClCompile Include="$(MSBuildThisFileDirectory)RepairObjectManager.cpp">
      <Filter>Script</Filter>
    </ClCompile>
    <ClCompile Include="$(MSBuildThisFileDirectory)Scene.cpp">
      <Filter>Script</Filter>
    </ClCompile>
    <ClCompile Include="$(MSBuildThisFileDirectory)ScoreManager.cpp">
      <Filter>Script</Filter>
    </ClCompile>
    <ClCompile Include="$(MSBuildThisFileDirectory)ScoreObject.cpp">
      <Filter>Script</Filter>
    </ClCompile>
    <ClCompile Include="$(MSBuildThisFileDirectory)ScoreObjectManager.cpp">
      <Filter>Script</Filter>
    </ClCompile>
    <ClCompile Include="$(MSBuildThisFileDirectory)SelectStage.cpp">
      <Filter>Script</Filter>
    </ClCompile>
    <ClCompile Include="$(MSBuildThisFileDirectory)Sprite.cpp">
      <Filter>Script</Filter>
    </ClCompile>
    <ClCompile Include="$(MSBuildThisFileDirectory)StageCreateManager.cpp">
      <Filter>Script</Filter>
    </ClCompile>
    <ClCompile Include="$(MSBuildThisFileDirectory)StageWall.cpp">
      <Filter>Script</Filter>
    </ClCompile>
    <ClCompile Include="$(MSBuildThisFileDirectory)StateBarrier.cpp">
      <Filter>Script</Filter>
    </ClCompile>
    <ClCompile Include="$(MSBuildThisFileDirectory)StateBase.cpp">
      <Filter>Script</Filter>
    </ClCompile>
    <ClCompile Include="$(MSBuildThisFileDirectory)StateDisableBarrier.cpp">
      <Filter>Script</Filter>
    </ClCompile>
    <ClCompile Include="$(MSBuildThisFileDirectory)StateEnemy.cpp">
      <Filter>Script</Filter>
    </ClCompile>
    <ClCompile Include="$(MSBuildThisFileDirectory)TestCsv.cpp">
      <Filter>Script</Filter>
    </ClCompile>
    <ClCompile Include="$(MSBuildThisFileDirectory)TitleStage.cpp">
      <Filter>Script</Filter>
    </ClCompile>
    <ClCompile Include="$(MSBuildThisFileDirectory)UIManager.cpp">
      <Filter>Script</Filter>
    </ClCompile>
    <ClCompile Include="$(MSBuildThisFileDirectory)WinMain.cpp">
      <Filter>Script</Filter>
    </ClCompile>
    <ClCompile Include="$(MSBuildThisFileDirectory)ErionStage.cpp">
      <Filter>Script\PrivateStage</Filter>
    </ClCompile>
    <ClCompile Include="$(MSBuildThisFileDirectory)KaitoStage.cpp">
      <Filter>Script\PrivateStage</Filter>
    </ClCompile>
    <ClCompile Include="$(MSBuildThisFileDirectory)TomokiStage.cpp">
      <Filter>Script\PrivateStage</Filter>
    </ClCompile>
    <ClCompile Include="$(MSBuildThisFileDirectory)YuutaStage.cpp">
      <Filter>Script\PrivateStage</Filter>
    </ClCompile>
  </ItemGroup>
  <ItemGroup>
    <ClInclude Include="$(MSBuildThisFileDirectory)Actor.h">
      <Filter>Header</Filter>
    </ClInclude>
    <ClInclude Include="$(MSBuildThisFileDirectory)AmmoObject.h">
      <Filter>Header</Filter>
    </ClInclude>
    <ClInclude Include="$(MSBuildThisFileDirectory)AmmoObjectManager.h">
      <Filter>Header</Filter>
    </ClInclude>
    <ClInclude Include="$(MSBuildThisFileDirectory)AttackCollision.h">
      <Filter>Header</Filter>
    </ClInclude>
    <ClInclude Include="$(MSBuildThisFileDirectory)Background.h">
      <Filter>Header</Filter>
    </ClInclude>
    <ClInclude Include="$(MSBuildThisFileDirectory)Barrier.h">
      <Filter>Header</Filter>
    </ClInclude>
    <ClInclude Include="$(MSBuildThisFileDirectory)BillBoard.h">
      <Filter>Header</Filter>
    </ClInclude>
    <ClInclude Include="$(MSBuildThisFileDirectory)BillBoardGauge.h">
      <Filter>Header</Filter>
    </ClInclude>
    <ClInclude Include="$(MSBuildThisFileDirectory)Bullet.h">
      <Filter>Header</Filter>
    </ClInclude>
    <ClInclude Include="$(MSBuildThisFileDirectory)Camera.h">
      <Filter>Header</Filter>
    </ClInclude>
    <ClInclude Include="$(MSBuildThisFileDirectory)Character.h">
      <Filter>Header</Filter>
    </ClInclude>
    <ClInclude Include="$(MSBuildThisFileDirectory)CheckPoint.h">
      <Filter>Header</Filter>
    </ClInclude>
    <ClInclude Include="$(MSBuildThisFileDirectory)DashRing.h">
      <Filter>Header</Filter>
    </ClInclude>
    <ClInclude Include="$(MSBuildThisFileDirectory)DebagPlayer.h">
      <Filter>Header</Filter>
    </ClInclude>
    <ClInclude Include="$(MSBuildThisFileDirectory)DisableBarrier.h">
      <Filter>Header</Filter>
    </ClInclude>
    <ClInclude Include="$(MSBuildThisFileDirectory)EffectManager.h">
      <Filter>Header</Filter>
    </ClInclude>
    <ClInclude Include="$(MSBuildThisFileDirectory)EffectUpdateDrawManager.h">
      <Filter>Header</Filter>
    </ClInclude>
    <ClInclude Include="$(MSBuildThisFileDirectory)Enemy.h">
      <Filter>Header</Filter>
    </ClInclude>
    <ClInclude Include="$(MSBuildThisFileDirectory)FighterAircraftBase.h">
      <Filter>Header</Filter>
    </ClInclude>
    <ClInclude Include="$(MSBuildThisFileDirectory)ForecastLine.h">
      <Filter>Header</Filter>
    </ClInclude>
    <ClInclude Include="$(MSBuildThisFileDirectory)GameClearStage.h">
      <Filter>Header</Filter>
    </ClInclude>
    <ClInclude Include="$(MSBuildThisFileDirectory)GameManager.h">
      <Filter>Header</Filter>
    </ClInclude>
    <ClInclude Include="$(MSBuildThisFileDirectory)GameStage.h">
      <Filter>Header</Filter>
    </ClInclude>
    <ClInclude Include="$(MSBuildThisFileDirectory)HpSprite.h">
      <Filter>Header</Filter>
    </ClInclude>
    <ClInclude Include="$(MSBuildThisFileDirectory)InputManager.h">
      <Filter>Header</Filter>
    </ClInclude>
    <ClInclude Include="$(MSBuildThisFileDirectory)InvisibleCollision.h">
      <Filter>Header</Filter>
    </ClInclude>
    <ClInclude Include="$(MSBuildThisFileDirectory)ItemObject.h">
      <Filter>Header</Filter>
    </ClInclude>
    <ClInclude Include="$(MSBuildThisFileDirectory)MainCameraManager.h">
      <Filter>Header</Filter>
    </ClInclude>
    <ClInclude Include="$(MSBuildThisFileDirectory)MultiViewStage.h">
      <Filter>Header</Filter>
    </ClInclude>
    <ClInclude Include="$(MSBuildThisFileDirectory)MyGameObject.h">
      <Filter>Header</Filter>
    </ClInclude>
    <ClInclude Include="$(MSBuildThisFileDirectory)NumberSprite.h">
      <Filter>Header</Filter>
    </ClInclude>
    <ClInclude Include="$(MSBuildThisFileDirectory)ObstaclesDodge.h">
      <Filter>Header</Filter>
    </ClInclude>
    <ClInclude Include="$(MSBuildThisFileDirectory)PauseMenu.h">
      <Filter>Header</Filter>
    </ClInclude>
    <ClInclude Include="$(MSBuildThisFileDirectory)Plane.h">
      <Filter>Header</Filter>
    </ClInclude>
    <ClInclude Include="$(MSBuildThisFileDirectory)Player.h">
      <Filter>Header</Filter>
    </ClInclude>
    <ClInclude Include="$(MSBuildThisFileDirectory)Project.h">
      <Filter>Header</Filter>
    </ClInclude>
    <ClInclude Include="$(MSBuildThisFileDirectory)ProjectBehavior.h">
      <Filter>Header</Filter>
    </ClInclude>
    <ClInclude Include="$(MSBuildThisFileDirectory)ProjectShader.h">
      <Filter>Header</Filter>
    </ClInclude>
    <ClInclude Include="$(MSBuildThisFileDirectory)RankingUI.h">
      <Filter>Header</Filter>
    </ClInclude>
    <ClInclude Include="$(MSBuildThisFileDirectory)RayCast.h">
      <Filter>Header</Filter>
    </ClInclude>
    <ClInclude Include="$(MSBuildThisFileDirectory)RepairObjectManager.h">
      <Filter>Header</Filter>
    </ClInclude>
    <ClInclude Include="$(MSBuildThisFileDirectory)Scene.h">
      <Filter>Header</Filter>
    </ClInclude>
    <ClInclude Include="$(MSBuildThisFileDirectory)ScoreManager.h">
      <Filter>Header</Filter>
    </ClInclude>
    <ClInclude Include="$(MSBuildThisFileDirectory)ScoreObject.h">
      <Filter>Header</Filter>
    </ClInclude>
    <ClInclude Include="$(MSBuildThisFileDirectory)ScoreObjectManager.h">
      <Filter>Header</Filter>
    </ClInclude>
    <ClInclude Include="$(MSBuildThisFileDirectory)SelectStage.h">
      <Filter>Header</Filter>
    </ClInclude>
    <ClInclude Include="$(MSBuildThisFileDirectory)Sprite.h">
      <Filter>Header</Filter>
    </ClInclude>
    <ClInclude Include="$(MSBuildThisFileDirectory)StageCreateManager.h">
      <Filter>Header</Filter>
    </ClInclude>
    <ClInclude Include="$(MSBuildThisFileDirectory)StageWall.h">
      <Filter>Header</Filter>
    </ClInclude>
    <ClInclude Include="$(MSBuildThisFileDirectory)StateBarrier.h">
      <Filter>Header</Filter>
    </ClInclude>
    <ClInclude Include="$(MSBuildThisFileDirectory)StateBase.h">
      <Filter>Header</Filter>
    </ClInclude>
    <ClInclude Include="$(MSBuildThisFileDirectory)StateDisableBarrier.h">
      <Filter>Header</Filter>
    </ClInclude>
    <ClInclude Include="$(MSBuildThisFileDirectory)StateEnemy.h">
      <Filter>Header</Filter>
    </ClInclude>
    <ClInclude Include="$(MSBuildThisFileDirectory)TestCsv.h">
      <Filter>Header</Filter>
    </ClInclude>
    <ClInclude Include="$(MSBuildThisFileDirectory)TitleStage.h">
      <Filter>Header</Filter>
    </ClInclude>
    <ClInclude Include="$(MSBuildThisFileDirectory)UIManager.h">
      <Filter>Header</Filter>
    </ClInclude>
    <ClInclude Include="$(MSBuildThisFileDirectory)ErionStage.h">
      <Filter>Header\PrivateStage</Filter>
    </ClInclude>
    <ClInclude Include="$(MSBuildThisFileDirectory)KaitoStage.h">
      <Filter>Header\PrivateStage</Filter>
    </ClInclude>
    <ClInclude Include="$(MSBuildThisFileDirectory)TomokiStage.h">
      <Filter>Header\PrivateStage</Filter>
    </ClInclude>
    <ClInclude Include="$(MSBuildThisFileDirectory)YuutaStage.h">
      <Filter>Header\PrivateStage</Filter>
    </ClInclude>
  </ItemGroup>
  <ItemGroup>
    <Filter Include="Header">
      <UniqueIdentifier>{04f9505c-435a-446e-ab7c-130725f2f694}</UniqueIdentifier>
    </Filter>
    <Filter Include="Script">
      <UniqueIdentifier>{1a7848c8-171c-449b-b40d-07107ae9cd1d}</UniqueIdentifier>
    </Filter>
    <Filter Include="Script\PrivateStage">
      <UniqueIdentifier>{6d868d81-12d2-492f-8616-a9607c282faa}</UniqueIdentifier>
    </Filter>
    <Filter Include="Header\PrivateStage">
      <UniqueIdentifier>{cbf71869-c924-49af-9238-e5c6ddb08ec7}</UniqueIdentifier>
    </Filter>
  </ItemGroup>
</Project>